dependencies:
- name: crds
  repository: ""
  version: 0.0.0
- name: kube-state-metrics
  repository: https://prometheus-community.github.io/helm-charts
  version: 5.25.1
- name: prometheus-node-exporter
  repository: https://prometheus-community.github.io/helm-charts
  version: 4.37.3
- name: grafana
  repository: https://grafana.github.io/helm-charts
  version: 8.4.6
- name: prometheus-windows-exporter
  repository: https://prometheus-community.github.io/helm-charts
  version: 0.3.1
digest: sha256:77e6c0e77eb9407a8ae2ca749570e6bb01ddb0eb7ef36e6e8531cbe9a2c863dd
generated: "2024-08-19T23:39:07.905127934Z"
